
Microsoft Visual Studio Solution File, Format Version 12.00
# Visual Studio 2013
VisualStudioVersion = 12.0.31101.0
MinimumVisualStudioVersion = 10.0.40219.1
Project("{FAE04EC0-301F-11D3-BF4B-00C04F79EFBC}") = "Gotham.Model", "Gotham.Model\Gotham.Model.csproj", "{E91E0195-D29A-4155-BA47-109668354F14}"
EndProject
Project("{FAE04EC0-301F-11D3-BF4B-00C04F79EFBC}") = "Gotham.WebAccess", "Gotham.WebAccess\Gotham.WebAccess.csproj", "{CD42F3B4-551C-4536-9E52-F3A286746AC6}"
EndProject
Project("{FAE04EC0-301F-11D3-BF4B-00C04F79EFBC}") = "Gotham.WebAccess.Tests", "Gotham.WebAccess.Tests\Gotham.WebAccess.Tests.csproj", "{34BBA852-AB43-4E00-BDC3-9DA86426F334}"
EndProject
Project("{FAE04EC0-301F-11D3-BF4B-00C04F79EFBC}") = "Gotham.DataAccess", "Gotham.DataAccess\Gotham.DataAccess.csproj", "{CF51F9B7-F8EA-4793-B7E6-3B7E68EA0A89}"
EndProject
Project("{FAE04EC0-301F-11D3-BF4B-00C04F79EFBC}") = "Gotham.Client.Console", "Gotham.Client.Console\Gotham.Client.Console.csproj", "{51BF329E-8050-4A48-8580-0E934119F134}"
EndProject
Project("{2150E333-8FDC-42A3-9474-1A3956D46DE8}") = "Apps", "Apps", "{7F9C3086-B4F9-47C7-9C65-B591E7DB9945}"
EndProject
Project("{2150E333-8FDC-42A3-9474-1A3956D46DE8}") = "Modules", "Modules", "{011D07C1-2320-4F28-A85B-6676CC7ADD44}"
EndProject
Project("{2150E333-8FDC-42A3-9474-1A3956D46DE8}") = "UnitTests", "UnitTests", "{55228EEC-45C7-4BD6-8B2D-5B19568AC5DA}"
EndProject
Project("{FAE04EC0-301F-11D3-BF4B-00C04F79EFBC}") = "Gotham.WebApp", "Gotham.WebApp\Gotham.WebApp.csproj", "{8BEA9EB9-5FAC-4D52-A469-37FEF5664D52}"
EndProject
Global
	GlobalSection(SolutionConfigurationPlatforms) = preSolution
		Debug|Any CPU = Debug|Any CPU
		Release|Any CPU = Release|Any CPU
	EndGlobalSection
	GlobalSection(ProjectConfigurationPlatforms) = postSolution
		{E91E0195-D29A-4155-BA47-109668354F14}.Debug|Any CPU.ActiveCfg = Debug|Any CPU
		{E91E0195-D29A-4155-BA47-109668354F14}.Debug|Any CPU.Build.0 = Debug|Any CPU
		{E91E0195-D29A-4155-BA47-109668354F14}.Release|Any CPU.ActiveCfg = Release|Any CPU
		{E91E0195-D29A-4155-BA47-109668354F14}.Release|Any CPU.Build.0 = Release|Any CPU
		{CD42F3B4-551C-4536-9E52-F3A286746AC6}.Debug|Any CPU.ActiveCfg = Debug|Any CPU
		{CD42F3B4-551C-4536-9E52-F3A286746AC6}.Debug|Any CPU.Build.0 = Debug|Any CPU
		{CD42F3B4-551C-4536-9E52-F3A286746AC6}.Release|Any CPU.ActiveCfg = Release|Any CPU
		{CD42F3B4-551C-4536-9E52-F3A286746AC6}.Release|Any CPU.Build.0 = Release|Any CPU
		{34BBA852-AB43-4E00-BDC3-9DA86426F334}.Debug|Any CPU.ActiveCfg = Debug|Any CPU
		{34BBA852-AB43-4E00-BDC3-9DA86426F334}.Debug|Any CPU.Build.0 = Debug|Any CPU
		{34BBA852-AB43-4E00-BDC3-9DA86426F334}.Release|Any CPU.ActiveCfg = Release|Any CPU
		{34BBA852-AB43-4E00-BDC3-9DA86426F334}.Release|Any CPU.Build.0 = Release|Any CPU
		{CF51F9B7-F8EA-4793-B7E6-3B7E68EA0A89}.Debug|Any CPU.ActiveCfg = Debug|Any CPU
		{CF51F9B7-F8EA-4793-B7E6-3B7E68EA0A89}.Debug|Any CPU.Build.0 = Debug|Any CPU
		{CF51F9B7-F8EA-4793-B7E6-3B7E68EA0A89}.Release|Any CPU.ActiveCfg = Release|Any CPU
		{CF51F9B7-F8EA-4793-B7E6-3B7E68EA0A89}.Release|Any CPU.Build.0 = Release|Any CPU
		{51BF329E-8050-4A48-8580-0E934119F134}.Debug|Any CPU.ActiveCfg = Debug|Any CPU
		{51BF329E-8050-4A48-8580-0E934119F134}.Debug|Any CPU.Build.0 = Debug|Any CPU
		{51BF329E-8050-4A48-8580-0E934119F134}.Release|Any CPU.ActiveCfg = Release|Any CPU
		{51BF329E-8050-4A48-8580-0E934119F134}.Release|Any CPU.Build.0 = Release|Any CPU
		{8BEA9EB9-5FAC-4D52-A469-37FEF5664D52}.Debug|Any CPU.ActiveCfg = Debug|Any CPU
		{8BEA9EB9-5FAC-4D52-A469-37FEF5664D52}.Debug|Any CPU.Build.0 = Debug|Any CPU
		{8BEA9EB9-5FAC-4D52-A469-37FEF5664D52}.Release|Any CPU.ActiveCfg = Release|Any CPU
		{8BEA9EB9-5FAC-4D52-A469-37FEF5664D52}.Release|Any CPU.Build.0 = Release|Any CPU
	EndGlobalSection
	GlobalSection(SolutionProperties) = preSolution
		HideSolutionNode = FALSE
	EndGlobalSection
	GlobalSection(NestedProjects) = preSolution
		{E91E0195-D29A-4155-BA47-109668354F14} = {011D07C1-2320-4F28-A85B-6676CC7ADD44}
		{CD42F3B4-551C-4536-9E52-F3A286746AC6} = {7F9C3086-B4F9-47C7-9C65-B591E7DB9945}
		{34BBA852-AB43-4E00-BDC3-9DA86426F334} = {55228EEC-45C7-4BD6-8B2D-5B19568AC5DA}
		{CF51F9B7-F8EA-4793-B7E6-3B7E68EA0A89} = {011D07C1-2320-4F28-A85B-6676CC7ADD44}
		{51BF329E-8050-4A48-8580-0E934119F134} = {7F9C3086-B4F9-47C7-9C65-B591E7DB9945}
		{8BEA9EB9-5FAC-4D52-A469-37FEF5664D52} = {7F9C3086-B4F9-47C7-9C65-B591E7DB9945}
	EndGlobalSection
EndGlobal
